// !$*UTF8*$!
{
	archiveVersion = 1;
	classes = {
	};
	objectVersion = 46;
	objects = {

/* Begin PBXBuildFile section */
		2BABDE3219DF818E005EC045 /* AppDelegate.swift in Sources */ = {isa = PBXBuildFile; fileRef = 2BABDE3119DF818E005EC045 /* AppDelegate.swift */; };
		2BABDE3419DF818E005EC045 /* ViewController.swift in Sources */ = {isa = PBXBuildFile; fileRef = 2BABDE3319DF818E005EC045 /* ViewController.swift */; };
		2BABDE3719DF818E005EC045 /* Main.storyboard in Resources */ = {isa = PBXBuildFile; fileRef = 2BABDE3519DF818E005EC045 /* Main.storyboard */; };
		2BABDE3919DF818E005EC045 /* Images.xcassets in Resources */ = {isa = PBXBuildFile; fileRef = 2BABDE3819DF818E005EC045 /* Images.xcassets */; };
		2BABDE3C19DF818E005EC045 /* LaunchScreen.xib in Resources */ = {isa = PBXBuildFile; fileRef = 2BABDE3A19DF818E005EC045 /* LaunchScreen.xib */; };
		2BABDE4819DF818F005EC045 /* image_scroll_swiftTests.swift in Sources */ = {isa = PBXBuildFile; fileRef = 2BABDE4719DF818F005EC045 /* image_scroll_swiftTests.swift */; };
/* End PBXBuildFile section */

/* Begin PBXContainerItemProxy section */
		2BABDE4219DF818F005EC045 /* PBXContainerItemProxy */ = {
			isa = PBXContainerItemProxy;
			containerPortal = 2BABDE2419DF818E005EC045 /* Project object */;
			proxyType = 1;
			remoteGlobalIDString = 2BABDE2B19DF818E005EC045;
			remoteInfo = "image-scroll-swift";
		};
/* End PBXContainerItemProxy section */

/* Begin PBXFileReference section */
		2BABDE2C19DF818E005EC045 /* image-scroll-swift.app */ = {isa = PBXFileReference; explicitFileType = wrapper.application; includeInIndex = 0; path = "image-scroll-swift.app"; sourceTree = BUILT_PRODUCTS_DIR; };
		2BABDE3019DF818E005EC045 /* Info.plist */ = {isa = PBXFileReference; lastKnownFileType = text.plist.xml; path = Info.plist; sourceTree = "<group>"; };
		2BABDE3119DF818E005EC045 /* AppDelegate.swift */ = {isa = PBXFileReference; lastKnownFileType = sourcecode.swift; path = AppDelegate.swift; sourceTree = "<group>"; };
		2BABDE3319DF818E005EC045 /* ViewController.swift */ = {isa = PBXFileReference; lastKnownFileType = sourcecode.swift; path = ViewController.swift; sourceTree = "<group>"; };
		2BABDE3619DF818E005EC045 /* Base */ = {isa = PBXFileReference; lastKnownFileType = file.storyboard; name = Base; path = Base.lproj/Main.storyboard; sourceTree = "<group>"; };
		2BABDE3819DF818E005EC045 /* Images.xcassets */ = {isa = PBXFileReference; lastKnownFileType = folder.assetcatalog; path = Images.xcassets; sourceTree = "<group>"; };
		2BABDE3B19DF818E005EC045 /* Base */ = {isa = PBXFileReference; lastKnownFileType = file.xib; name = Base; path = Base.lproj/LaunchScreen.xib; sourceTree = "<group>"; };
		2BABDE4119DF818F005EC045 /* image-scroll-swiftTests.xctest */ = {isa = PBXFileReference; explicitFileType = wrapper.cfbundle; includeInIndex = 0; path = "image-scroll-swiftTests.xctest"; sourceTree = BUILT_PRODUCTS_DIR; };
		2BABDE4619DF818F005EC045 /* Info.plist */ = {isa = PBXFileReference; lastKnownFileType = text.plist.xml; path = Info.plist; sourceTree = "<group>"; };
		2BABDE4719DF818F005EC045 /* image_scroll_swiftTests.swift */ = {isa = PBXFileReference; lastKnownFileType = sourcecode.swift; path = image_scroll_swiftTests.swift; sourceTree = "<group>"; };
/* End PBXFileReference section */

/* Begin PBXFrameworksBuildPhase section */
		2BABDE2919DF818E005EC045 /* Frameworks */ = {
			isa = PBXFrameworksBuildPhase;
			buildActionMask = 2147483647;
			files = (
			);
			runOnlyForDeploymentPostprocessing = 0;
		};
		2BABDE3E19DF818F005EC045 /* Frameworks */ = {
			isa = PBXFrameworksBuildPhase;
			buildActionMask = 2147483647;
			files = (
			);
			runOnlyForDeploymentPostprocessing = 0;
		};
/* End PBXFrameworksBuildPhase section */

/* Begin PBXGroup section */
		2BABDE2319DF818E005EC045 = {
			isa = PBXGroup;
			children = (
				2BABDE2E19DF818E005EC045 /* image-scroll-swift */,
				2BABDE4419DF818F005EC045 /* image-scroll-swiftTests */,
				2BABDE2D19DF818E005EC045 /* Products */,
			);
			sourceTree = "<group>";
		};
		2BABDE2D19DF818E005EC045 /* Products */ = {
			isa = PBXGroup;
			children = (
				2BABDE2C19DF818E005EC045 /* image-scroll-swift.app */,
				2BABDE4119DF818F005EC045 /* image-scroll-swiftTests.xctest */,
			);
			name = Products;
			sourceTree = "<group>";
		};
		2BABDE2E19DF818E005EC045 /* image-scroll-swift */ = {
			isa = PBXGroup;
			children = (
				2BABDE3119DF818E005EC045 /* AppDelegate.swift */,
				2BABDE3319DF818E005EC045 /* ViewController.swift */,
				2BABDE3519DF818E005EC045 /* Main.storyboard */,
				2BABDE3819DF818E005EC045 /* Images.xcassets */,
				2BABDE3A19DF818E005EC045 /* LaunchScreen.xib */,
				2BABDE2F19DF818E005EC045 /* Supporting Files */,
			);
			path = "image-scroll-swift";
			sourceTree = "<group>";
		};
		2BABDE2F19DF818E005EC045 /* Supporting Files */ = {
			isa = PBXGroup;
			children = (
				2BABDE3019DF818E005EC045 /* Info.plist */,
			);
			name = "Supporting Files";
			sourceTree = "<group>";
		};
		2BABDE4419DF818F005EC045 /* image-scroll-swiftTests */ = {
			isa = PBXGroup;
			children = (
				2BABDE4719DF818F005EC045 /* image_scroll_swiftTests.swift */,
				2BABDE4519DF818F005EC045 /* Supporting Files */,
			);
			path = "image-scroll-swiftTests";
			sourceTree = "<group>";
		};
		2BABDE4519DF818F005EC045 /* Supporting Files */ = {
			isa = PBXGroup;
			children = (
				2BABDE4619DF818F005EC045 /* Info.plist */,
			);
			name = "Supporting Files";
			sourceTree = "<group>";
		};
/* End PBXGroup section */

/* Begin PBXNativeTarget section */
		2BABDE2B19DF818E005EC045 /* image-scroll-swift */ = {
			isa = PBXNativeTarget;
			buildConfigurationList = 2BABDE4B19DF818F005EC045 /* Build configuration list for PBXNativeTarget "image-scroll-swift" */;
			buildPhases = (
				2BABDE2819DF818E005EC045 /* Sources */,
				2BABDE2919DF818E005EC045 /* Frameworks */,
				2BABDE2A19DF818E005EC045 /* Resources */,
			);
			buildRules = (
			);
			dependencies = (
			);
			name = "image-scroll-swift";
			productName = "image-scroll-swift";
			productReference = 2BABDE2C19DF818E005EC045 /* image-scroll-swift.app */;
			productType = "com.apple.product-type.application";
		};
		2BABDE4019DF818F005EC045 /* image-scroll-swiftTests */ = {
			isa = PBXNativeTarget;
			buildConfigurationList = 2BABDE4E19DF818F005EC045 /* Build configuration list for PBXNativeTarget "image-scroll-swiftTests" */;
			buildPhases = (
				2BABDE3D19DF818F005EC045 /* Sources */,
				2BABDE3E19DF818F005EC045 /* Frameworks */,
				2BABDE3F19DF818F005EC045 /* Resources */,
			);
			buildRules = (
			);
			dependencies = (
				2BABDE4319DF818F005EC045 /* PBXTargetDependency */,
			);
			name = "image-scroll-swiftTests";
			productName = "image-scroll-swiftTests";
			productReference = 2BABDE4119DF818F005EC045 /* image-scroll-swiftTests.xctest */;
			productType = "com.apple.product-type.bundle.unit-test";
		};
/* End PBXNativeTarget section */

/* Begin PBXProject section */
		2BABDE2419DF818E005EC045 /* Project object */ = {
			isa = PBXProject;
			attributes = {
				LastUpgradeCheck = 0610;
				ORGANIZATIONNAME = "Evgenii Neumerzhitckii";
				TargetAttributes = {
					2BABDE2B19DF818E005EC045 = {
						CreatedOnToolsVersion = 6.1;
					};
					2BABDE4019DF818F005EC045 = {
						CreatedOnToolsVersion = 6.1;
						TestTargetID = 2BABDE2B19DF818E005EC045;
					};
				};
			};
			buildConfigurationList = 2BABDE2719DF818E005EC045 /* Build configuration list for PBXProject "image-scroll-swift" */;
			compatibilityVersion = "Xcode 3.2";
			developmentRegion = English;
			hasScannedForEncodings = 0;
			knownRegions = (
				en,
				Base,
			);
			mainGroup = 2BABDE2319DF818E005EC045;
			productRefGroup = 2BABDE2D19DF818E005EC045 /* Products */;
			projectDirPath = "";
			projectRoot = "";
			targets = (
				2BABDE2B19DF818E005EC045 /* image-scroll-swift */,
				2BABDE4019DF818F005EC045 /* image-scroll-swiftTests */,
			);
		};
/* End PBXProject section */

/* Begin PBXResourcesBuildPhase section */
		2BABDE2A19DF818E005EC045 /* Resources */ = {
			isa = PBXResourcesBuildPhase;
			buildActionMask = 2147483647;
			files = (
				2BABDE3719DF818E005EC045 /* Main.storyboard in Resources */,
				2BABDE3C19DF818E005EC045 /* LaunchScreen.xib in Resources */,
				2BABDE3919DF818E005EC045 /* Images.xcassets in Resources */,
			);
			runOnlyForDeploymentPostprocessing = 0;
		};
		2BABDE3F19DF818F005EC045 /* Resources */ = {
			isa = PBXResourcesBuildPhase;
			buildActionMask = 2147483647;
			files = (
			);
			runOnlyForDeploymentPostprocessing = 0;
		};
/* End PBXResourcesBuildPhase section */

/* Begin PBXSourcesBuildPhase section */
		2BABDE2819DF818E005EC045 /* Sources */ = {
			isa = PBXSourcesBuildPhase;
			buildActionMask = 2147483647;
			files = (
				2BABDE3419DF818E005EC045 /* ViewController.swift in Sources */,
				2BABDE3219DF818E005EC045 /* AppDelegate.swift in Sources */,
			);
			runOnlyForDeploymentPostprocessing = 0;
		};
		2BABDE3D19DF818F005EC045 /* Sources */ = {
			isa = PBXSourcesBuildPhase;
			buildActionMask = 2147483647;
			files = (
				2BABDE4819DF818F005EC045 /* image_scroll_swiftTests.swift in Sources */,
			);
			runOnlyForDeploymentPostprocessing = 0;
		};
/* End PBXSourcesBuildPhase section */

/* Begin PBXTargetDependency section */
		2BABDE4319DF818F005EC045 /* PBXTargetDependency */ = {
			isa = PBXTargetDependency;
			target = 2BABDE2B19DF818E005EC045 /* image-scroll-swift */;
			targetProxy = 2BABDE4219DF818F005EC045 /* PBXContainerItemProxy */;
		};
/* End PBXTargetDependency section */

/* Begin PBXVariantGroup section */
		2BABDE3519DF818E005EC045 /* Main.storyboard */ = {
			isa = PBXVariantGroup;
			children = (
				2BABDE3619DF818E005EC045 /* Base */,
			);
			name = Main.storyboard;
			sourceTree = "<group>";
		};
		2BABDE3A19DF818E005EC045 /* LaunchScreen.xib */ = {
			isa = PBXVariantGroup;
			children = (
				2BABDE3B19DF818E005EC045 /* Base */,
			);
			name = LaunchScreen.xib;
			sourceTree = "<group>";
		};
/* End PBXVariantGroup section */

/* Begin XCBuildConfiguration section */
		2BABDE4919DF818F005EC045 /* Debug */ = {
			isa = XCBuildConfiguration;
			buildSettings = {
				ALWAYS_SEARCH_USER_PATHS = NO;
				CLANG_CXX_LANGUAGE_STANDARD = "gnu++0x";
				CLANG_CXX_LIBRARY = "libc++";
				CLANG_ENABLE_MODULES = YES;
				CLANG_ENABLE_OBJC_ARC = YES;
				CLANG_WARN_BOOL_CONVERSION = YES;
				CLANG_WARN_CONSTANT_CONVERSION = YES;
				CLANG_WARN_DIRECT_OBJC_ISA_USAGE = YES_ERROR;
				CLANG_WARN_EMPTY_BODY = YES;
				CLANG_WARN_ENUM_CONVERSION = YES;
				CLANG_WARN_INT_CONVERSION = YES;
				CLANG_WARN_OBJC_ROOT_CLASS = YES_ERROR;
				CLANG_WARN_UNREACHABLE_CODE = YES;
				CLANG_WARN__DUPLICATE_METHOD_MATCH = YES;
				"CODE_SIGN_IDENTITY[sdk=iphoneos*]" = "iPhone Developer";
				COPY_PHASE_STRIP = NO;
				ENABLE_STRICT_OBJC_MSGSEND = YES;
				GCC_C_LANGUAGE_STANDARD = gnu99;
				GCC_DYNAMIC_NO_PIC = NO;
				GCC_OPTIMIZATION_LEVEL = 0;
				GCC_PREPROCESSOR_DEFINITIONS = (
					"DEBUG=1",
					"$(inherited)",
				);
				GCC_SYMBOLS_PRIVATE_EXTERN = NO;
				GCC_WARN_64_TO_32_BIT_CONVERSION = YES;
				GCC_WARN_ABOUT_RETURN_TYPE = YES_ERROR;
				GCC_WARN_UNDECLARED_SELECTOR = YES;
				GCC_WARN_UNINITIALIZED_AUTOS = YES_AGGRESSIVE;
				GCC_WARN_UNUSED_FUNCTION = YES;
				GCC_WARN_UNUSED_VARIABLE = YES;
				IPHONEOS_DEPLOYMENT_TARGET = 7.0;
				MTL_ENABLE_DEBUG_INFO = YES;
				ONLY_ACTIVE_ARCH = YES;
				SDKROOT = iphoneos;
				SWIFT_OPTIMIZATION_LEVEL = "-Onone";
				TARGETED_DEVICE_FAMILY = "1,2";
			};
			name = Debug;
		};
		2BABDE4A19DF818F005EC045 /* Release */ = {
			isa = XCBuildConfiguration;
			buildSettings = {
				ALWAYS_SEARCH_USER_PATHS = NO;
				CLANG_CXX_LANGUAGE_STANDARD = "gnu++0x";
				CLANG_CXX_LIBRARY = "libc++";
				CLANG_ENABLE_MODULES = YES;
				CLANG_ENABLE_OBJC_ARC = YES;
				CLANG_WARN_BOOL_CONVERSION = YES;
				CLANG_WARN_CONSTANT_CONVERSION = YES;
				CLANG_WARN_DIRECT_OBJC_ISA_USAGE = YES_ERROR;
				CLANG_WARN_EMPTY_BODY = YES;
				CLANG_WARN_ENUM_CONVERSION = YES;
				CLANG_WARN_INT_CONVERSION = YES;
				CLANG_WARN_OBJC_ROOT_CLASS = YES_ERROR;
				CLANG_WARN_UNREACHABLE_CODE = YES;
				CLANG_WARN__DUPLICATE_METHOD_MATCH = YES;
				"CODE_SIGN_IDENTITY[sdk=iphoneos*]" = "iPhone Developer";
				COPY_PHASE_STRIP = YES;
				ENABLE_NS_ASSERTIONS = NO;
				ENABLE_STRICT_OBJC_MSGSEND = YES;
				GCC_C_LANGUAGE_STANDARD = gnu99;
				GCC_WARN_64_TO_32_BIT_CONVERSION = YES;
				GCC_WARN_ABOUT_RETURN_TYPE = YES_ERROR;
				GCC_WARN_UNDECLARED_SELECTOR = YES;
				GCC_WARN_UNINITIALIZED_AUTOS = YES_AGGRESSIVE;
				GCC_WARN_UNUSED_FUNCTION = YES;
				GCC_WARN_UNUSED_VARIABLE = YES;
				IPHONEOS_DEPLOYMENT_TARGET = 7.0;
				MTL_ENABLE_DEBUG_INFO = NO;
				SDKROOT = iphoneos;
				TARGETED_DEVICE_FAMILY = "1,2";
				VALIDATE_PRODUCT = YES;
			};
			name = Release;
		};
		2BABDE4C19DF818F005EC045 /* Debug */ = {
			isa = XCBuildConfiguration;
			buildSettings = {
				ASSETCATALOG_COMPILER_APPICON_NAME = AppIcon;
				INFOPLIST_FILE = "image-scroll-swift/Info.plist";
				LD_RUNPATH_SEARCH_PATHS = "$(inherited) @executable_path/Frameworks";
				PRODUCT_NAME = "$(TARGET_NAME)";
			};
			name = Debug;
		};
		2BABDE4D19DF818F005EC045 /* Release */ = {
			isa = XCBuildConfiguration;
			buildSettings = {
				ASSETCATALOG_COMPILER_APPICON_NAME = AppIcon;
				INFOPLIST_FILE = "image-scroll-swift/Info.plist";
				LD_RUNPATH_SEARCH_PATHS = "$(inherited) @executable_path/Frameworks";
				PRODUCT_NAME = "$(TARGET_NAME)";
			};
			name = Release;
		};
		2BABDE4F19DF818F005EC045 /* Debug */ = {
			isa = XCBuildConfiguration;
			buildSettings = {
				BUNDLE_LOADER = "$(TEST_HOST)";
				FRAMEWORK_SEARCH_PATHS = (
					"$(SDKROOT)/Developer/Library/Frameworks",
					"$(inherited)",
				);
				GCC_PREPROCESSOR_DEFINITIONS = (
					"DEBUG=1",
					"$(inherited)",
				);
				INFOPLIST_FILE = "image-scroll-swiftTests/Info.plist";
				LD_RUNPATH_SEARCH_PATHS = "$(inherited) @executable_path/Frameworks @loader_path/Frameworks";
				PRODUCT_NAME = "$(TARGET_NAME)";
				TEST_HOST = "$(BUILT_PRODUCTS_DIR)/image-scroll-swift.app/image-scroll-swift";
			};
			name = Debug;
		};
		2BABDE5019DF818F005EC045 /* Release */ = {
			isa = XCBuildConfiguration;
			buildSettings = {
				BUNDLE_LOADER = "$(TEST_HOST)";
				FRAMEWORK_SEARCH_PATHS = (
					"$(SDKROOT)/Developer/Library/Frameworks",
					"$(inherited)",
				);
				INFOPLIST_FILE = "image-scroll-swiftTests/Info.plist";
				LD_RUNPATH_SEARCH_PATHS = "$(inherited) @executable_path/Frameworks @loader_path/Frameworks";
				PRODUCT_NAME = "$(TARGET_NAME)";
				TEST_HOST = "$(BUILT_PRODUCTS_DIR)/image-scroll-swift.app/image-scroll-swift";
			};
			name = Release;
		};
/* End XCBuildConfiguration section */

/* Begin XCConfigurationList section */
		2BABDE2719DF818E005EC045 /* Build configuration list for PBXProject "image-scroll-swift" */ = {
			isa = XCConfigurationList;
			buildConfigurations = (
				2BABDE4919DF818F005EC045 /* Debug */,
				2BABDE4A19DF818F005EC045 /* Release */,
			);
			defaultConfigurationIsVisible = 0;
			defaultConfigurationName = Release;
		};
		2BABDE4B19DF818F005EC045 /* Build configuration list for PBXNativeTarget "image-scroll-swift" */ = {
			isa = XCConfigurationList;
			buildConfigurations = (
				2BABDE4C19DF818F005EC045 /* Debug */,
				2BABDE4D19DF818F005EC045 /* Release */,
			);
			defaultConfigurationIsVisible = 0;
		};
		2BABDE4E19DF818F005EC045 /* Build configuration list for PBXNativeTarget "image-scroll-swiftTests" */ = {
			isa = XCConfigurationList;
			buildConfigurations = (
				2BABDE4F19DF818F005EC045 /* Debug */,
				2BABDE5019DF818F005EC045 /* Release */,
			);
			defaultConfigurationIsVisible = 0;
		};
/* End XCConfigurationList section */
	};
	rootObject = 2BABDE2419DF818E005EC045 /* Project object */;
}
